
Microsoft Visual Studio Solution File, Format Version 12.00
# Visual Studio 15
VisualStudioVersion = 15.0.28307.1145
MinimumVisualStudioVersion = 10.0.40219.1
Project("{FAE04EC0-301F-11D3-BF4B-00C04F79EFBC}") = "Cacti", "Cacti\Cacti.csproj", "{7FA2DEBC-5FF5-4E78-BA3A-8E88E4AA0822}"
EndProject
Global
	GlobalSection(SolutionConfigurationPlatforms) = preSolution
		Debug|Any CPU = Debug|Any CPU
		Release|Any CPU = Release|Any CPU
	EndGlobalSection
	GlobalSection(ProjectConfigurationPlatforms) = postSolution
		{7FA2DEBC-5FF5-4E78-BA3A-8E88E4AA0822}.Debug|Any CPU.ActiveCfg = Debug|Any CPU
		{7FA2DEBC-5FF5-4E78-BA3A-8E88E4AA0822}.Debug|Any CPU.Build.0 = Debug|Any CPU
		{7FA2DEBC-5FF5-4E78-BA3A-8E88E4AA0822}.Release|Any CPU.ActiveCfg = Release|Any CPU
		{7FA2DEBC-5FF5-4E78-BA3A-8E88E4AA0822}.Release|Any CPU.Build.0 = Release|Any CPU
	EndGlobalSection
	GlobalSection(SolutionProperties) = preSolution
		HideSolutionNode = FALSE
	EndGlobalSection
	GlobalSection(ExtensibilityGlobals) = postSolution
		SolutionGuid = {B6B3EDFB-61F7-4D89-98EE-348468ABFFAE}
	EndGlobalSection
EndGlobal
